
Microsoft Visual Studio Solution File, Format Version 12.00
# Visual Studio 14
VisualStudioVersion = 14.0.24720.0
MinimumVisualStudioVersion = 10.0.40219.1
Project("{FAE04EC0-301F-11D3-BF4B-00C04F79EFBC}") = "DefToolsNet", "DefToolsNet\DefToolsNet.csproj", "{7C2211CF-5BEC-45BC-A35B-FC361AAB9934}"
EndProject
Project("{FAE04EC0-301F-11D3-BF4B-00C04F79EFBC}") = "DefToolsNetTests", "DefToolsNetTests\DefToolsNetTests.csproj", "{97A9EFB3-62F1-4F2E-904A-A48201CDA4A8}"
EndProject
Global
	GlobalSection(SolutionConfigurationPlatforms) = preSolution
		Debug|Any CPU = Debug|Any CPU
		Release|Any CPU = Release|Any CPU
	EndGlobalSection
	GlobalSection(ProjectConfigurationPlatforms) = postSolution
		{7C2211CF-5BEC-45BC-A35B-FC361AAB9934}.Debug|Any CPU.ActiveCfg = Debug|Any CPU
		{7C2211CF-5BEC-45BC-A35B-FC361AAB9934}.Debug|Any CPU.Build.0 = Debug|Any CPU
		{7C2211CF-5BEC-45BC-A35B-FC361AAB9934}.Release|Any CPU.ActiveCfg = Release|Any CPU
		{7C2211CF-5BEC-45BC-A35B-FC361AAB9934}.Release|Any CPU.Build.0 = Release|Any CPU
		{97A9EFB3-62F1-4F2E-904A-A48201CDA4A8}.Debug|Any CPU.ActiveCfg = Debug|Any CPU
		{97A9EFB3-62F1-4F2E-904A-A48201CDA4A8}.Debug|Any CPU.Build.0 = Debug|Any CPU
		{97A9EFB3-62F1-4F2E-904A-A48201CDA4A8}.Release|Any CPU.ActiveCfg = Release|Any CPU
		{97A9EFB3-62F1-4F2E-904A-A48201CDA4A8}.Release|Any CPU.Build.0 = Release|Any CPU
	EndGlobalSection
	GlobalSection(SolutionProperties) = preSolution
		HideSolutionNode = FALSE
	EndGlobalSection
EndGlobal
